
Microsoft Visual Studio Solution File, Format Version 12.00
# Visual Studio Version 17
VisualStudioVersion = 17.0.31903.59
MinimumVisualStudioVersion = 10.0.40219.1
Project("{2150E333-8FDC-42A3-9474-1A3956D46DE8}") = "src", "src", "{FCB78F46-0C71-4A05-B667-1F5C791AC72B}"
EndProject
Project("{FAE04EC0-301F-11D3-BF4B-00C04F79EFBC}") = "Patterns", "src\Patterns\Patterns.csproj", "{9E446904-49BA-4D67-8F0F-148997745A2E}"
EndProject
Project("{FAE04EC0-301F-11D3-BF4B-00C04F79EFBC}") = "Patterns.Tests", "src\Patterns.Tests\Patterns.Tests.csproj", "{ABC12345-49BA-4D67-8F0F-148997745A2E}"
EndProject
Global
	GlobalSection(SolutionConfigurationPlatforms) = preSolution
		Debug|Any CPU = Debug|Any CPU
		Release|Any CPU = Release|Any CPU
	EndGlobalSection
	GlobalSection(SolutionProperties) = preSolution
		HideSolutionNode = FALSE
	EndGlobalSection
	GlobalSection(ProjectConfigurationPlatforms) = postSolution
		{9E446904-49BA-4D67-8F0F-148997745A2E}.Debug|Any CPU.ActiveCfg = Debug|Any CPU
		{9E446904-49BA-4D67-8F0F-148997745A2E}.Debug|Any CPU.Build.0 = Debug|Any CPU
		{9E446904-49BA-4D67-8F0F-148997745A2E}.Release|Any CPU.ActiveCfg = Release|Any CPU
		{9E446904-49BA-4D67-8F0F-148997745A2E}.Release|Any CPU.Build.0 = Release|Any CPU
		{ABC12345-49BA-4D67-8F0F-148997745A2E}.Debug|Any CPU.ActiveCfg = Debug|Any CPU
		{ABC12345-49BA-4D67-8F0F-148997745A2E}.Debug|Any CPU.Build.0 = Debug|Any CPU
		{ABC12345-49BA-4D67-8F0F-148997745A2E}.Release|Any CPU.ActiveCfg = Release|Any CPU
		{ABC12345-49BA-4D67-8F0F-148997745A2E}.Release|Any CPU.Build.0 = Release|Any CPU
	EndGlobalSection
	GlobalSection(NestedProjects) = preSolution
		{9E446904-49BA-4D67-8F0F-148997745A2E} = {FCB78F46-0C71-4A05-B667-1F5C791AC72B}
		{ABC12345-49BA-4D67-8F0F-148997745A2E} = {FCB78F46-0C71-4A05-B667-1F5C791AC72B}
	EndGlobalSection
EndGlobal
